
Microsoft Visual Studio Solution File, Format Version 12.00
# Visual Studio Version 17
VisualStudioVersion = 17.11.35327.3
MinimumVisualStudioVersion = 10.0.40219.1
Project("{F184B08F-C81C-45F6-A57F-5ABD9991F28F}") = "simpleCapture", "simpleCapture\simpleCapture.vbproj", "{7F571253-B889-44BE-B331-4E0C9CE67B51}"
EndProject
Global
	GlobalSection(SolutionConfigurationPlatforms) = preSolution
		Debug|Any CPU = Debug|Any CPU
		Release|Any CPU = Release|Any CPU
	EndGlobalSection
	GlobalSection(ProjectConfigurationPlatforms) = postSolution
		{7F571253-B889-44BE-B331-4E0C9CE67B51}.Debug|Any CPU.ActiveCfg = Debug|Any CPU
		{7F571253-B889-44BE-B331-4E0C9CE67B51}.Debug|Any CPU.Build.0 = Debug|Any CPU
		{7F571253-B889-44BE-B331-4E0C9CE67B51}.Release|Any CPU.ActiveCfg = Release|Any CPU
		{7F571253-B889-44BE-B331-4E0C9CE67B51}.Release|Any CPU.Build.0 = Release|Any CPU
	EndGlobalSection
	GlobalSection(SolutionProperties) = preSolution
		HideSolutionNode = FALSE
	EndGlobalSection
	GlobalSection(ExtensibilityGlobals) = postSolution
		SolutionGuid = {01D3F82F-04A0-43B8-B118-255F97517C91}
	EndGlobalSection
EndGlobal
